
Microsoft Visual Studio Solution File, Format Version 12.00
# Visual Studio 14
VisualStudioVersion = 14.0.25420.1
MinimumVisualStudioVersion = 10.0.40219.1
Project("{2150E333-8FDC-42A3-9474-1A3956D46DE8}") = "src", "src", "{FEDD9307-829B-467A-813C-599AEE96769B}"
EndProject
Project("{2150E333-8FDC-42A3-9474-1A3956D46DE8}") = "Solution Items", "Solution Items", "{38856C77-4E1F-440A-92E9-B70DBB4ADD6B}"
	ProjectSection(SolutionItems) = preProject
		global.json = global.json
	EndProjectSection
EndProject
Project("{8BB2217D-0F2D-49D1-97BC-3654ED321F3B}") = "WhoisCheck_CoreMVC", "src\WhoisCheck_CoreMVC\WhoisCheck_CoreMVC.xproj", "{3A45BD06-7510-4475-AE1E-96CC495A30C2}"
EndProject
Global
	GlobalSection(SolutionConfigurationPlatforms) = preSolution
		Debug|Any CPU = Debug|Any CPU
		Release|Any CPU = Release|Any CPU
	EndGlobalSection
	GlobalSection(ProjectConfigurationPlatforms) = postSolution
		{3A45BD06-7510-4475-AE1E-96CC495A30C2}.Debug|Any CPU.ActiveCfg = Debug|Any CPU
		{3A45BD06-7510-4475-AE1E-96CC495A30C2}.Debug|Any CPU.Build.0 = Debug|Any CPU
		{3A45BD06-7510-4475-AE1E-96CC495A30C2}.Release|Any CPU.ActiveCfg = Release|Any CPU
		{3A45BD06-7510-4475-AE1E-96CC495A30C2}.Release|Any CPU.Build.0 = Release|Any CPU
	EndGlobalSection
	GlobalSection(SolutionProperties) = preSolution
		HideSolutionNode = FALSE
	EndGlobalSection
	GlobalSection(NestedProjects) = preSolution
		{3A45BD06-7510-4475-AE1E-96CC495A30C2} = {FEDD9307-829B-467A-813C-599AEE96769B}
	EndGlobalSection
EndGlobal
